
Microsoft Visual Studio Solution File, Format Version 12.00
# Visual Studio Version 16
VisualStudioVersion = 16.0.30907.101
MinimumVisualStudioVersion = 10.0.40219.1
Project("{FAE04EC0-301F-11D3-BF4B-00C04F79EFBC}") = "CleanArchitecture.Domain", "CleanArchitecture.Domain\CleanArchitecture.Domain.csproj", "{22472DF2-3EE7-49E2-8B0A-AF369AB39CD2}"
EndProject
Project("{FAE04EC0-301F-11D3-BF4B-00C04F79EFBC}") = "CleanArchitecture.Application", "CleanArchitecture.Application\CleanArchitecture.Application.csproj", "{13F14351-294A-429F-96E4-0BDE83B47F56}"
EndProject
Project("{FAE04EC0-301F-11D3-BF4B-00C04F79EFBC}") = "CleanArchitecture.Infra.Data", "CleanArchitecture.Infra.Data\CleanArchitecture.Infra.Data.csproj", "{23DBA90A-EA28-416D-8197-D925934C444D}"
EndProject
Project("{FAE04EC0-301F-11D3-BF4B-00C04F79EFBC}") = "CleanArchitecture.Infra.IoC", "CleanArchitecture.Infra.IoC\CleanArchitecture.Infra.IoC.csproj", "{81EEF5D9-3739-4611-A68F-FC634561C2F8}"
EndProject
Project("{FAE04EC0-301F-11D3-BF4B-00C04F79EFBC}") = "CleanArchitecture.WebUI", "CleanArchitecture.WebUI\CleanArchitecture.WebUI.csproj", "{AA02C238-F931-4850-BD6F-848984A28BB3}"
EndProject
Project("{FAE04EC0-301F-11D3-BF4B-00C04F79EFBC}") = "CleanArchitecture.Domain.Tests", "CleanArchitecture.Domain.Tests\CleanArchitecture.Domain.Tests.csproj", "{CD201428-9213-4798-96E7-A87F2D6B3F8F}"
EndProject
Global
	GlobalSection(SolutionConfigurationPlatforms) = preSolution
		Debug|Any CPU = Debug|Any CPU
		Release|Any CPU = Release|Any CPU
	EndGlobalSection
	GlobalSection(ProjectConfigurationPlatforms) = postSolution
		{22472DF2-3EE7-49E2-8B0A-AF369AB39CD2}.Debug|Any CPU.ActiveCfg = Debug|Any CPU
		{22472DF2-3EE7-49E2-8B0A-AF369AB39CD2}.Debug|Any CPU.Build.0 = Debug|Any CPU
		{22472DF2-3EE7-49E2-8B0A-AF369AB39CD2}.Release|Any CPU.ActiveCfg = Release|Any CPU
		{22472DF2-3EE7-49E2-8B0A-AF369AB39CD2}.Release|Any CPU.Build.0 = Release|Any CPU
		{13F14351-294A-429F-96E4-0BDE83B47F56}.Debug|Any CPU.ActiveCfg = Debug|Any CPU
		{13F14351-294A-429F-96E4-0BDE83B47F56}.Debug|Any CPU.Build.0 = Debug|Any CPU
		{13F14351-294A-429F-96E4-0BDE83B47F56}.Release|Any CPU.ActiveCfg = Release|Any CPU
		{13F14351-294A-429F-96E4-0BDE83B47F56}.Release|Any CPU.Build.0 = Release|Any CPU
		{23DBA90A-EA28-416D-8197-D925934C444D}.Debug|Any CPU.ActiveCfg = Debug|Any CPU
		{23DBA90A-EA28-416D-8197-D925934C444D}.Debug|Any CPU.Build.0 = Debug|Any CPU
		{23DBA90A-EA28-416D-8197-D925934C444D}.Release|Any CPU.ActiveCfg = Release|Any CPU
		{23DBA90A-EA28-416D-8197-D925934C444D}.Release|Any CPU.Build.0 = Release|Any CPU
		{81EEF5D9-3739-4611-A68F-FC634561C2F8}.Debug|Any CPU.ActiveCfg = Debug|Any CPU
		{81EEF5D9-3739-4611-A68F-FC634561C2F8}.Debug|Any CPU.Build.0 = Debug|Any CPU
		{81EEF5D9-3739-4611-A68F-FC634561C2F8}.Release|Any CPU.ActiveCfg = Release|Any CPU
		{81EEF5D9-3739-4611-A68F-FC634561C2F8}.Release|Any CPU.Build.0 = Release|Any CPU
		{AA02C238-F931-4850-BD6F-848984A28BB3}.Debug|Any CPU.ActiveCfg = Debug|Any CPU
		{AA02C238-F931-4850-BD6F-848984A28BB3}.Debug|Any CPU.Build.0 = Debug|Any CPU
		{AA02C238-F931-4850-BD6F-848984A28BB3}.Release|Any CPU.ActiveCfg = Release|Any CPU
		{AA02C238-F931-4850-BD6F-848984A28BB3}.Release|Any CPU.Build.0 = Release|Any CPU
		{CD201428-9213-4798-96E7-A87F2D6B3F8F}.Debug|Any CPU.ActiveCfg = Debug|Any CPU
		{CD201428-9213-4798-96E7-A87F2D6B3F8F}.Debug|Any CPU.Build.0 = Debug|Any CPU
		{CD201428-9213-4798-96E7-A87F2D6B3F8F}.Release|Any CPU.ActiveCfg = Release|Any CPU
		{CD201428-9213-4798-96E7-A87F2D6B3F8F}.Release|Any CPU.Build.0 = Release|Any CPU
	EndGlobalSection
	GlobalSection(SolutionProperties) = preSolution
		HideSolutionNode = FALSE
	EndGlobalSection
	GlobalSection(ExtensibilityGlobals) = postSolution
		SolutionGuid = {3CC329A8-D5BA-49EF-B515-6D68D113D79E}
	EndGlobalSection
EndGlobal
